
Microsoft Visual Studio Solution File, Format Version 12.00
# Visual Studio Version 17
VisualStudioVersion = 17.7.34221.43
MinimumVisualStudioVersion = 10.0.40219.1
Project("{9A19103F-16F7-4668-BE54-9A1E7A4F7556}") = "TestSoft", "TestSoft.csproj", "{85D2069A-EE7C-425C-9AE9-F4D129B102AA}"
EndProject
Global
	GlobalSection(SolutionConfigurationPlatforms) = preSolution
		Debug|Any CPU = Debug|Any CPU
		Release|Any CPU = Release|Any CPU
	EndGlobalSection
	GlobalSection(ProjectConfigurationPlatforms) = postSolution
		{85D2069A-EE7C-425C-9AE9-F4D129B102AA}.Debug|Any CPU.ActiveCfg = Debug|Any CPU
		{85D2069A-EE7C-425C-9AE9-F4D129B102AA}.Debug|Any CPU.Build.0 = Debug|Any CPU
		{85D2069A-EE7C-425C-9AE9-F4D129B102AA}.Release|Any CPU.ActiveCfg = Release|Any CPU
		{85D2069A-EE7C-425C-9AE9-F4D129B102AA}.Release|Any CPU.Build.0 = Release|Any CPU
	EndGlobalSection
	GlobalSection(SolutionProperties) = preSolution
		HideSolutionNode = FALSE
	EndGlobalSection
	GlobalSection(ExtensibilityGlobals) = postSolution
		SolutionGuid = {7CDA6466-920F-4B30-B8F2-3F376CA89C71}
	EndGlobalSection
EndGlobal
